<?xml version="1.0" encoding="utf-8"?>
<Project ToolsVersion="4.0" xmlns="http://schemas.microsoft.com/developer/msbuild/2003">
  <ItemGroup>
    <ClCompile Include="Animation.cpp">
      <Filter>Source files</Filter>
    </ClCompile>
    <ClCompile Include="Animator.cpp">
      <Filter>Source files</Filter>
    </ClCompile>
    <ClCompile Include="Bubble.cpp">
      <Filter>Source files</Filter>
    </ClCompile>
    <ClCompile Include="Collider.cpp">
      <Filter>Source files</Filter>
    </ClCompile>
    <ClCompile Include="Engine.cpp">
      <Filter>Source files</Filter>
    </ClCompile>
    <ClCompile Include="GameObject.cpp">
      <Filter>Source files</Filter>
    </ClCompile>
    <ClCompile Include="GameState.cpp">
      <Filter>Source files</Filter>
    </ClCompile>
    <ClCompile Include="GUI_Button.cpp">
      <Filter>Source files</Filter>
    </ClCompile>
    <ClCompile Include="GUI_Element.cpp">
      <Filter>Source files</Filter>
    </ClCompile>
    <ClCompile Include="GUI_Label.cpp">
      <Filter>Source files</Filter>
    </ClCompile>
    <ClCompile Include="Item.cpp">
      <Filter>Source files</Filter>
    </ClCompile>
    <ClCompile Include="LosingState.cpp">
      <Filter>Source files</Filter>
    </ClCompile>
    <ClCompile Include="Main.cpp">
      <Filter>Source files</Filter>
    </ClCompile>
    <ClCompile Include="MenuState.cpp">
      <Filter>Source files</Filter>
    </ClCompile>
    <ClCompile Include="Monster.cpp">
      <Filter>Source files</Filter>
    </ClCompile>
    <ClCompile Include="Particle.cpp">
      <Filter>Source files</Filter>
    </ClCompile>
    <ClCompile Include="ParticleEmitter.cpp">
      <Filter>Source files</Filter>
    </ClCompile>
    <ClCompile Include="Player.cpp">
      <Filter>Source files</Filter>
    </ClCompile>
    <ClCompile Include="stdafx.cpp">
      <Filter>Source files</Filter>
    </ClCompile>
    <ClCompile Include="Wave.cpp">
      <Filter>Source files</Filter>
    </ClCompile>
    <ClCompile Include="AudioManager.cpp">
      <Filter>Source files\Managers</Filter>
    </ClCompile>
    <ClCompile Include="CollisionManager.cpp">
      <Filter>Source files\Managers</Filter>
    </ClCompile>
    <ClCompile Include="DrawManager.cpp">
      <Filter>Source files\Managers</Filter>
    </ClCompile>
    <ClCompile Include="InputManager.cpp">
      <Filter>Source files\Managers</Filter>
    </ClCompile>
    <ClCompile Include="ItemManager.cpp">
      <Filter>Source files\Managers</Filter>
    </ClCompile>
    <ClCompile Include="StateManager.cpp">
      <Filter>Source files\Managers</Filter>
    </ClCompile>
    <ClCompile Include="TextureManager.cpp">
      <Filter>Source files\Managers</Filter>
    </ClCompile>
    <ClCompile Include="WaveManager.cpp">
      <Filter>Source files\Managers</Filter>
    </ClCompile>
    <ClCompile Include="WordManager.cpp">
      <Filter>Source files\Managers</Filter>
    </ClCompile>
  </ItemGroup>
  <ItemGroup>
    <ClInclude Include="Animation.h">
      <Filter>Header files</Filter>
    </ClInclude>
    <ClInclude Include="Animator.h">
      <Filter>Header files</Filter>
    </ClInclude>
    <ClInclude Include="Bubble.h">
      <Filter>Header files</Filter>
    </ClInclude>
    <ClInclude Include="Collider.h">
      <Filter>Header files</Filter>
    </ClInclude>
    <ClInclude Include="Engine.h">
      <Filter>Header files</Filter>
    </ClInclude>
    <ClInclude Include="GameObject.h">
      <Filter>Header files</Filter>
    </ClInclude>
    <ClInclude Include="GameState.h">
      <Filter>Header files</Filter>
    </ClInclude>
    <ClInclude Include="GUI_Button.h">
      <Filter>Header files</Filter>
    </ClInclude>
    <ClInclude Include="GUI_Element.h">
      <Filter>Header files</Filter>
    </ClInclude>
    <ClInclude Include="GUI_Label.h">
      <Filter>Header files</Filter>
    </ClInclude>
    <ClInclude Include="Item.h">
      <Filter>Header files</Filter>
    </ClInclude>
    <ClInclude Include="LosingState.h">
      <Filter>Header files</Filter>
    </ClInclude>
    <ClInclude Include="MenuState.h">
      <Filter>Header files</Filter>
    </ClInclude>
    <ClInclude Include="Monster.h">
      <Filter>Header files</Filter>
    </ClInclude>
    <ClInclude Include="Particle.h">
      <Filter>Header files</Filter>
    </ClInclude>
    <ClInclude Include="Player.h">
      <Filter>Header files</Filter>
    </ClInclude>
    <ClInclude Include="ParticleEmitter.h">
      <Filter>Header files</Filter>
    </ClInclude>
    <ClInclude Include="ServiceLocator.h">
      <Filter>Header files</Filter>
    </ClInclude>
    <ClInclude Include="State.h">
      <Filter>Header files</Filter>
    </ClInclude>
    <ClInclude Include="stdafx.h">
      <Filter>Header files</Filter>
    </ClInclude>
    <ClInclude Include="targetver.h">
      <Filter>Header files</Filter>
    </ClInclude>
    <ClInclude Include="Utility.h">
      <Filter>Header files</Filter>
    </ClInclude>
    <ClInclude Include="Wave.h">
      <Filter>Header files</Filter>
    </ClInclude>
    <ClInclude Include="AudioManager.h">
      <Filter>Header files\Managers</Filter>
    </ClInclude>
    <ClInclude Include="CollisionManager.h">
      <Filter>Header files\Managers</Filter>
    </ClInclude>
    <ClInclude Include="DrawManager.h">
      <Filter>Header files\Managers</Filter>
    </ClInclude>
    <ClInclude Include="InputManager.h">
      <Filter>Header files\Managers</Filter>
    </ClInclude>
    <ClInclude Include="ItemManager.h">
      <Filter>Header files\Managers</Filter>
    </ClInclude>
    <ClInclude Include="StateManager.h">
      <Filter>Header files\Managers</Filter>
    </ClInclude>
    <ClInclude Include="TextureManager.h">
      <Filter>Header files\Managers</Filter>
    </ClInclude>
    <ClInclude Include="WaveManager.h">
      <Filter>Header files\Managers</Filter>
    </ClInclude>
    <ClInclude Include="WordManager.h">
      <Filter>Header files\Managers</Filter>
    </ClInclude>
  </ItemGroup>
  <ItemGroup>
    <Text Include="ReadMe.txt" />
  </ItemGroup>
  <ItemGroup>
    <Filter Include="Header files">
      <UniqueIdentifier>{d09c4eea-4b7c-4c26-957d-5271965db524}</UniqueIdentifier>
    </Filter>
    <Filter Include="Source files">
      <UniqueIdentifier>{5f77be1d-a50b-4ef7-9d15-f694caa4189e}</UniqueIdentifier>
    </Filter>
    <Filter Include="Header files\Managers">
      <UniqueIdentifier>{8bc05dd8-b233-47de-b7a3-e76aef187497}</UniqueIdentifier>
    </Filter>
    <Filter Include="Source files\Managers">
      <UniqueIdentifier>{8f95c75b-fb95-4feb-bb04-b54c97079e34}</UniqueIdentifier>
    </Filter>
  </ItemGroup>
</Project>