<?xml version="1.0" encoding="utf-8"?>
<Project ToolsVersion="4.0" xmlns="http://schemas.microsoft.com/developer/msbuild/2003">
  <ItemGroup>
    <ClCompile Include="Engine.cpp">
      <Filter>Source Files</Filter>
    </ClCompile>
    <ClCompile Include="stdafx.cpp">
      <Filter>Source Files</Filter>
    </ClCompile>
    <ClCompile Include="Main.cpp">
      <Filter>Source Files</Filter>
    </ClCompile>
    <ClCompile Include="Collider.cpp">
      <Filter>Source Files</Filter>
    </ClCompile>
    <ClCompile Include="AudioManager.cpp">
      <Filter>Source Files\Managers</Filter>
    </ClCompile>
    <ClCompile Include="CollisionManager.cpp">
      <Filter>Source Files\Managers</Filter>
    </ClCompile>
    <ClCompile Include="InputManager.cpp">
      <Filter>Source Files\Managers</Filter>
    </ClCompile>
    <ClCompile Include="StateManager.cpp">
      <Filter>Source Files\Managers</Filter>
    </ClCompile>
    <ClCompile Include="TextureManager.cpp">
      <Filter>Source Files\Managers</Filter>
    </ClCompile>
    <ClCompile Include="DrawManager.cpp">
      <Filter>Source Files\Managers</Filter>
    </ClCompile>
    <ClCompile Include="GameState.cpp">
      <Filter>Source Files\States</Filter>
    </ClCompile>
    <ClCompile Include="GameObject.cpp">
      <Filter>Source Files</Filter>
    </ClCompile>
    <ClCompile Include="Monster.cpp">
      <Filter>Source Files</Filter>
    </ClCompile>
    <ClCompile Include="GUI_Element.cpp">
      <Filter>Source Files\GUI</Filter>
    </ClCompile>
    <ClCompile Include="GUI_Label.cpp">
      <Filter>Source Files\GUI</Filter>
    </ClCompile>
    <ClCompile Include="GUI_Button.cpp">
      <Filter>Source Files\GUI</Filter>
    </ClCompile>
    <ClCompile Include="MenuState.cpp">
      <Filter>Source Files\States</Filter>
    </ClCompile>
    <ClCompile Include="WordManager.cpp">
      <Filter>Source Files\Managers</Filter>
    </ClCompile>
    <ClCompile Include="Item.cpp">
      <Filter>Source Files</Filter>
    </ClCompile>
    <ClCompile Include="ItemManager.cpp">
      <Filter>Source Files\Managers</Filter>
    </ClCompile>
    <ClCompile Include="Player.cpp">
      <Filter>Source Files</Filter>
    </ClCompile>
    <ClCompile Include="WaveManager.cpp">
      <Filter>Source Files\Managers</Filter>
    </ClCompile>
    <ClCompile Include="Bubble.cpp">
      <Filter>Source Files</Filter>
    </ClCompile>
    <ClCompile Include="Animator.cpp">
      <Filter>Source Files</Filter>
    </ClCompile>
    <ClCompile Include="Animation.cpp">
      <Filter>Source Files</Filter>
    </ClCompile>
    <ClCompile Include="LosingState.cpp">
      <Filter>Source Files\States</Filter>
    </ClCompile>
    <ClCompile Include="HighscoreManager.cpp">
      <Filter>Source Files\Managers</Filter>
    </ClCompile>
    <ClCompile Include="Wave.cpp">
      <Filter>Source Files</Filter>
    </ClCompile>
    <ClCompile Include="Particle.cpp">
      <Filter>Source Files\Particles</Filter>
    </ClCompile>
    <ClCompile Include="ParticleEmitter.cpp">
      <Filter>Source Files\Particles</Filter>
    </ClCompile>
    <ClCompile Include="ParticleManager.cpp">
      <Filter>Source Files\Particles</Filter>
    </ClCompile>
    <ClCompile Include="TestState.cpp">
      <Filter>Source Files\States</Filter>
    </ClCompile>
    <ClCompile Include="PowerupManager.cpp">
      <Filter>Source Files\Managers</Filter>
    </ClCompile>
  </ItemGroup>
  <ItemGroup>
    <ClInclude Include="Engine.h">
      <Filter>Header Files</Filter>
    </ClInclude>
    <ClInclude Include="ServiceLocator.h">
      <Filter>Header Files</Filter>
    </ClInclude>
    <ClInclude Include="stdafx.h">
      <Filter>Header Files</Filter>
    </ClInclude>
    <ClInclude Include="targetver.h">
      <Filter>Header Files</Filter>
    </ClInclude>
    <ClInclude Include="Collider.h">
      <Filter>Header Files</Filter>
    </ClInclude>
    <ClInclude Include="AudioManager.h">
      <Filter>Header Files\Managers</Filter>
    </ClInclude>
    <ClInclude Include="CollisionManager.h">
      <Filter>Header Files\Managers</Filter>
    </ClInclude>
    <ClInclude Include="DrawManager.h">
      <Filter>Header Files\Managers</Filter>
    </ClInclude>
    <ClInclude Include="InputManager.h">
      <Filter>Header Files\Managers</Filter>
    </ClInclude>
    <ClInclude Include="StateManager.h">
      <Filter>Header Files\Managers</Filter>
    </ClInclude>
    <ClInclude Include="TextureManager.h">
      <Filter>Header Files\Managers</Filter>
    </ClInclude>
    <ClInclude Include="State.h">
      <Filter>Header Files\States</Filter>
    </ClInclude>
    <ClInclude Include="GameState.h">
      <Filter>Header Files\States</Filter>
    </ClInclude>
    <ClInclude Include="GameObject.h">
      <Filter>Header Files</Filter>
    </ClInclude>
    <ClInclude Include="Monster.h">
      <Filter>Header Files</Filter>
    </ClInclude>
    <ClInclude Include="GUI_Element.h">
      <Filter>Header Files\GUI</Filter>
    </ClInclude>
    <ClInclude Include="GUI_Label.h">
      <Filter>Header Files\GUI</Filter>
    </ClInclude>
    <ClInclude Include="GUI_Button.h">
      <Filter>Header Files\GUI</Filter>
    </ClInclude>
    <ClInclude Include="MenuState.h">
      <Filter>Header Files\States</Filter>
    </ClInclude>
    <ClInclude Include="WordManager.h">
      <Filter>Header Files\Managers</Filter>
    </ClInclude>
    <ClInclude Include="Item.h">
      <Filter>Header Files</Filter>
    </ClInclude>
    <ClInclude Include="ItemManager.h">
      <Filter>Header Files\Managers</Filter>
    </ClInclude>
    <ClInclude Include="Player.h">
      <Filter>Header Files</Filter>
    </ClInclude>
    <ClInclude Include="WaveManager.h">
      <Filter>Header Files\Managers</Filter>
    </ClInclude>
    <ClInclude Include="Animator.h">
      <Filter>Header Files</Filter>
    </ClInclude>
    <ClInclude Include="Animation.h">
      <Filter>Header Files</Filter>
    </ClInclude>
    <ClInclude Include="Utility.h">
      <Filter>Header Files</Filter>
    </ClInclude>
    <ClInclude Include="LosingState.h">
      <Filter>Header Files\States</Filter>
    </ClInclude>
    <ClInclude Include="Bubble.h">
      <Filter>Header Files</Filter>
    </ClInclude>
    <ClInclude Include="HighscoreManager.h">
      <Filter>Header Files\Managers</Filter>
    </ClInclude>
    <ClInclude Include="Wave.h">
      <Filter>Header Files</Filter>
    </ClInclude>
    <ClInclude Include="PowerUpManager.h">
      <Filter>Header files\Managers</Filter>
    </ClInclude>
    <ClInclude Include="ParticleManager.h">
      <Filter>Header Files\Particles</Filter>
    </ClInclude>
    <ClInclude Include="Particle.h">
      <Filter>Header Files\Particles</Filter>
    </ClInclude>
    <ClInclude Include="ParticleEmitter.h">
      <Filter>Header Files\Particles</Filter>
    </ClInclude>
    <ClInclude Include="TestState.h">
      <Filter>Header Files\States</Filter>
    </ClInclude>
  </ItemGroup>
  <ItemGroup>
    <Text Include="ReadMe.txt" />
  </ItemGroup>
  <ItemGroup>
    <Filter Include="Header Files">
      <UniqueIdentifier>{c6914547-a326-4730-aeb5-fefb1bb11907}</UniqueIdentifier>
    </Filter>
    <Filter Include="Source Files">
      <UniqueIdentifier>{eae490c3-a96e-4c39-b389-c0d72ad03d67}</UniqueIdentifier>
    </Filter>
    <Filter Include="Header Files\Managers">
      <UniqueIdentifier>{a09073d9-de73-40ff-894f-42a0bfd600f2}</UniqueIdentifier>
    </Filter>
    <Filter Include="Source Files\Managers">
      <UniqueIdentifier>{8b7a9cc6-252c-4da5-a04f-6b6e3f8b00cd}</UniqueIdentifier>
    </Filter>
    <Filter Include="Header Files\States">
      <UniqueIdentifier>{4892c52f-1e7b-475e-8ea3-09c0c7957e36}</UniqueIdentifier>
    </Filter>
    <Filter Include="Source Files\States">
      <UniqueIdentifier>{76f03b50-acc9-435b-95be-47d8e2b66282}</UniqueIdentifier>
    </Filter>
    <Filter Include="Header Files\GUI">
      <UniqueIdentifier>{724b7989-03d6-436b-9e8e-7eaba2f0cf7e}</UniqueIdentifier>
    </Filter>
    <Filter Include="Source Files\GUI">
      <UniqueIdentifier>{96a7af0f-bb2e-4683-bacc-77f04eacaeb9}</UniqueIdentifier>
    </Filter>
    <Filter Include="Source Files\Particles">
      <UniqueIdentifier>{db5f97f5-796b-48c7-aa62-5f8867b7170c}</UniqueIdentifier>
    </Filter>
    <Filter Include="Header Files\Particles">
      <UniqueIdentifier>{5cd27850-57ad-431a-aa9e-82b3f5989fdf}</UniqueIdentifier>
    </Filter>
  </ItemGroup>
</Project>